// !$*UTF8*$!
{
	archiveVersion = 1;
	classes = {
	};
	objectVersion = 46;
	objects = {

/* Begin PBXAggregateTarget section */
		04D0ECC8E56B4BDEA38E20A5 /* ALL_BUILD */ = {
			isa = PBXAggregateTarget;
			buildConfigurationList = 43DCDAB1EBE04DD2A77B363A /* Build configuration list for PBXAggregateTarget "ALL_BUILD" */;
			buildPhases = (
				52F7EF9ADFE543B797E30274 /* CMake Rules */,
			);
			dependencies = (
				BA19FC42E00E485C9E11BD01 /* PBXTargetDependency */,
				EC4765322C434E82A47BDB2C /* PBXTargetDependency */,
				25A584909EDA45F7B132D3BE /* PBXTargetDependency */,
			);
			name = ALL_BUILD;
			productName = ALL_BUILD;
		};
		7FB5B22379BD4C0A9AE2688B /* uninstall */ = {
			isa = PBXAggregateTarget;
			buildConfigurationList = 1627B3103C5B445ABA249C67 /* Build configuration list for PBXAggregateTarget "uninstall" */;
			buildPhases = (
				0F0F66F1DB3148D887DA11D8 /* CMake Rules */,
			);
			dependencies = (
			);
			name = uninstall;
			productName = uninstall;
		};
		8C96A839F68248149F7D9AC5 /* ZERO_CHECK */ = {
			isa = PBXAggregateTarget;
			buildConfigurationList = 82E3365F874A49EBAF9F17BA /* Build configuration list for PBXAggregateTarget "ZERO_CHECK" */;
			buildPhases = (
				B5B982650408452DB6DFB5CA /* CMake Rules */,
			);
			dependencies = (
			);
			name = ZERO_CHECK;
			productName = ZERO_CHECK;
		};
		96AA8A252498458F839F4A3E /* install */ = {
			isa = PBXAggregateTarget;
			buildConfigurationList = BA926456221D403AB644B06E /* Build configuration list for PBXAggregateTarget "install" */;
			buildPhases = (
				96034D415F454FEABC69B196 /* CMake PostBuild Rules */,
			);
			dependencies = (
				BF349EDA71454DB38ED21E0D /* PBXTargetDependency */,
			);
			name = install;
			productName = install;
		};
/* End PBXAggregateTarget section */

/* Begin PBXBuildFile section */
		141DBA520AA74A109EC8794C /* input.c in Sources */ = {isa = PBXBuildFile; fileRef = 67F8B42AF5A443858756BD06 /* input.c */; };
		3480F4E6AAB44E309D021EB3 /* init.c in Sources */ = {isa = PBXBuildFile; fileRef = 4BDC696206014F63BF63EB94 /* init.c */; };
		4669F2451A7A4291BEAFC5FA /* main.cpp in Sources */ = {isa = PBXBuildFile; fileRef = 7D70A80739F04824A0E4441A /* main.cpp */; };
		54801369E6B44C7BB85D494B /* vulkan.c in Sources */ = {isa = PBXBuildFile; fileRef = 9DF8CADDE1C347A697FAEC2C /* vulkan.c */; };
		5AE30AB703AD42C985D9B641 /* MatrixStack.cpp in Sources */ = {isa = PBXBuildFile; fileRef = 5153FEB06F9B4E63A3E9264D /* MatrixStack.cpp */; };
		6AFB11D96D664253AC520ED5 /* tiny_obj_loader.cpp in Sources */ = {isa = PBXBuildFile; fileRef = 001EB3853CDE4348BB73AC47 /* tiny_obj_loader.cpp */; };
		70C658B101464C3898E9D1F9 /* Shape.cpp in Sources */ = {isa = PBXBuildFile; fileRef = D1F50AC3FCE94B80825325E1 /* Shape.cpp */; };
		766FA352F4804DED942150B8 /* posix_tls.c in Sources */ = {isa = PBXBuildFile; fileRef = E79A2486EA594B7381111C1E /* posix_tls.c */; };
		7BA056F085E1426CBC39889C /* window.c in Sources */ = {isa = PBXBuildFile; fileRef = B88172A983D04E639D6098AA /* window.c */; };
		A0B83BFBAC5347F6BFEA05AC /* monitor.c in Sources */ = {isa = PBXBuildFile; fileRef = 0A1A6998BF7C43E4BDE11FA5 /* monitor.c */; };
		B2E9822EBA4C4A6C8F31F426 /* nsgl_context.m in Sources */ = {isa = PBXBuildFile; fileRef = 3670D6F657314E24BCCB5FB6 /* nsgl_context.m */; };
		B53381EE72C446C480993764 /* cocoa_window.m in Sources */ = {isa = PBXBuildFile; fileRef = FFEA3BC056F04929B17E2E15 /* cocoa_window.m */; };
		B5E5AFD178E743CB84B55560 /* Program.cpp in Sources */ = {isa = PBXBuildFile; fileRef = 63994AD11C934C5FAF0BA465 /* Program.cpp */; };
		C8B0ACADB8DD4C5AAE379F82 /* Texture.cpp in Sources */ = {isa = PBXBuildFile; fileRef = 1D1D0823309C4C5281EA0815 /* Texture.cpp */; };
		DCBCC015F6084E6486F4CF36 /* cocoa_monitor.m in Sources */ = {isa = PBXBuildFile; fileRef = 806387101ABD49289A4DD6E7 /* cocoa_monitor.m */; };
		E1906DBBD8A44E80A09A8382 /* context.c in Sources */ = {isa = PBXBuildFile; fileRef = 77B1399C3E1D43DCAE021318 /* context.c */; };
		E7CB0DBD1F8F4D3A9571BD7A /* cocoa_time.c in Sources */ = {isa = PBXBuildFile; fileRef = 53C8A3E82CD3492A9574D3F9 /* cocoa_time.c */; };
		E8668F979ACF46A2B7E45423 /* cocoa_joystick.m in Sources */ = {isa = PBXBuildFile; fileRef = 85FD48DCA0B640D89E3D034E /* cocoa_joystick.m */; };
		EDD0CB319EE44FA5978858CE /* cocoa_init.m in Sources */ = {isa = PBXBuildFile; fileRef = 6F8F1ACAE8A5479992A5B9CF /* cocoa_init.m */; };
		F57F78C2203E44C6B908AF9D /* GLSL.cpp in Sources */ = {isa = PBXBuildFile; fileRef = 3AA078BE6ACA4775818BB53C /* GLSL.cpp */; };
/* End PBXBuildFile section */

/* Begin PBXContainerItemProxy section */
		0F7D02DB8E0742F3BCC3982E /* PBXContainerItemProxy */ = {
			isa = PBXContainerItemProxy;
			containerPortal = 8F21DB65658647B8B9528626 /* Project object */;
			proxyType = 1;
			remoteGlobalIDString = 295679791C29452A89C734AB;
			remoteInfo = glfw;
		};
		2993EFC4E14A41C79960E2BE /* PBXContainerItemProxy */ = {
			isa = PBXContainerItemProxy;
			containerPortal = 8F21DB65658647B8B9528626 /* Project object */;
			proxyType = 1;
			remoteGlobalIDString = F869C4FC5C0B4A119DE32DCF;
			remoteInfo = mario;
		};
		41725E80EC024CE2AA0E65DD /* PBXContainerItemProxy */ = {
			isa = PBXContainerItemProxy;
			containerPortal = 8F21DB65658647B8B9528626 /* Project object */;
			proxyType = 1;
			remoteGlobalIDString = 8C96A839F68248149F7D9AC5;
			remoteInfo = ZERO_CHECK;
		};
		8962F83F79404241BE0D01C5 /* PBXContainerItemProxy */ = {
			isa = PBXContainerItemProxy;
			containerPortal = 8F21DB65658647B8B9528626 /* Project object */;
			proxyType = 1;
			remoteGlobalIDString = 8C96A839F68248149F7D9AC5;
			remoteInfo = ZERO_CHECK;
		};
		B86E15466F5B4EA3A3222B10 /* PBXContainerItemProxy */ = {
			isa = PBXContainerItemProxy;
			containerPortal = 8F21DB65658647B8B9528626 /* Project object */;
			proxyType = 1;
			remoteGlobalIDString = 04D0ECC8E56B4BDEA38E20A5;
			remoteInfo = ALL_BUILD;
		};
		E68CEC32DBF64F5D96525846 /* PBXContainerItemProxy */ = {
			isa = PBXContainerItemProxy;
			containerPortal = 8F21DB65658647B8B9528626 /* Project object */;
			proxyType = 1;
			remoteGlobalIDString = 8C96A839F68248149F7D9AC5;
			remoteInfo = ZERO_CHECK;
		};
		EBEFF4E802514D308A3773AE /* PBXContainerItemProxy */ = {
			isa = PBXContainerItemProxy;
			containerPortal = 8F21DB65658647B8B9528626 /* Project object */;
			proxyType = 1;
			remoteGlobalIDString = 295679791C29452A89C734AB;
			remoteInfo = glfw;
		};
/* End PBXContainerItemProxy section */

/* Begin PBXFileReference section */
		001EB3853CDE4348BB73AC47 /* tiny_obj_loader.cpp */ = {isa = PBXFileReference; explicitFileType = sourcecode.cpp.cpp; fileEncoding = 4; name = tiny_obj_loader.cpp; path = src/tiny_obj_loader.cpp; sourceTree = SOURCE_ROOT; };
		06C9E0734CDE4B8CBC17E120 /* Program.h */ = {isa = PBXFileReference; explicitFileType = sourcecode.c.h; fileEncoding = 4; name = Program.h; path = src/Program.h; sourceTree = SOURCE_ROOT; };
		07125D11BDD343B381CBA324 /* libglfw3.a */ = {isa = PBXFileReference; explicitFileType = archive.ar; path = libglfw3.a; sourceTree = BUILT_PRODUCTS_DIR; };
		0A1A6998BF7C43E4BDE11FA5 /* monitor.c */ = {isa = PBXFileReference; explicitFileType = sourcecode.c.c; fileEncoding = 4; name = monitor.c; path = "../glfw-3.2.1/src/monitor.c"; sourceTree = SOURCE_ROOT; };
		1D1D0823309C4C5281EA0815 /* Texture.cpp */ = {isa = PBXFileReference; explicitFileType = sourcecode.cpp.cpp; fileEncoding = 4; name = Texture.cpp; path = src/Texture.cpp; sourceTree = SOURCE_ROOT; };
		1F7BAF5A96384D3A927D01A2 /* mario */ = {isa = PBXFileReference; explicitFileType = "compiled.mach-o.executable"; path = mario; sourceTree = BUILT_PRODUCTS_DIR; };
		3670D6F657314E24BCCB5FB6 /* nsgl_context.m */ = {isa = PBXFileReference; explicitFileType = sourcecode.c.objc; fileEncoding = 4; name = nsgl_context.m; path = "../glfw-3.2.1/src/nsgl_context.m"; sourceTree = SOURCE_ROOT; };
		3AA078BE6ACA4775818BB53C /* GLSL.cpp */ = {isa = PBXFileReference; explicitFileType = sourcecode.cpp.cpp; fileEncoding = 4; name = GLSL.cpp; path = src/GLSL.cpp; sourceTree = SOURCE_ROOT; };
		44BE0935226C4AAEAA2D27D3 /* nsgl_context.h */ = {isa = PBXFileReference; explicitFileType = sourcecode.c.h; fileEncoding = 4; name = nsgl_context.h; path = "../glfw-3.2.1/src/nsgl_context.h"; sourceTree = SOURCE_ROOT; };
		4BDC696206014F63BF63EB94 /* init.c */ = {isa = PBXFileReference; explicitFileType = sourcecode.c.c; fileEncoding = 4; name = init.c; path = "../glfw-3.2.1/src/init.c"; sourceTree = SOURCE_ROOT; };
		5153FEB06F9B4E63A3E9264D /* MatrixStack.cpp */ = {isa = PBXFileReference; explicitFileType = sourcecode.cpp.cpp; fileEncoding = 4; name = MatrixStack.cpp; path = src/MatrixStack.cpp; sourceTree = SOURCE_ROOT; };
		522F8627DCAB46E7B45427C7 /* CMakeLists.txt */ = {isa = PBXFileReference; explicitFileType = sourcecode.text; fileEncoding = 4; lastKnownFileType = text; path = CMakeLists.txt; sourceTree = SOURCE_ROOT; };
		532B18FDC1374198A907C818 /* tex_frag.glsl */ = {isa = PBXFileReference; explicitFileType = sourcecode; fileEncoding = 4; name = tex_frag.glsl; path = resources/tex_frag.glsl; sourceTree = SOURCE_ROOT; };
		53C8A3E82CD3492A9574D3F9 /* cocoa_time.c */ = {isa = PBXFileReference; explicitFileType = sourcecode.c.c; fileEncoding = 4; name = cocoa_time.c; path = "../glfw-3.2.1/src/cocoa_time.c"; sourceTree = SOURCE_ROOT; };
		5D576288B5444526B96764E4 /* CMakeLists.txt */ = {isa = PBXFileReference; explicitFileType = sourcecode.text; fileEncoding = 4; lastKnownFileType = text; path = CMakeLists.txt; sourceTree = SOURCE_ROOT; };
		603C6CABA6164F84A74CA106 /* glfw_config.h */ = {isa = PBXFileReference; explicitFileType = sourcecode.c.h; fileEncoding = 4; name = glfw_config.h; path = "../glfw-3.2.1/debug/src/glfw_config.h"; sourceTree = SOURCE_ROOT; };
		611154D17B2C416E8EE3377F /* MatrixStack.h */ = {isa = PBXFileReference; explicitFileType = sourcecode.c.h; fileEncoding = 4; name = MatrixStack.h; path = src/MatrixStack.h; sourceTree = SOURCE_ROOT; };
		63994AD11C934C5FAF0BA465 /* Program.cpp */ = {isa = PBXFileReference; explicitFileType = sourcecode.cpp.cpp; fileEncoding = 4; name = Program.cpp; path = src/Program.cpp; sourceTree = SOURCE_ROOT; };
		67F8B42AF5A443858756BD06 /* input.c */ = {isa = PBXFileReference; explicitFileType = sourcecode.c.c; fileEncoding = 4; name = input.c; path = "../glfw-3.2.1/src/input.c"; sourceTree = SOURCE_ROOT; };
		6F8F1ACAE8A5479992A5B9CF /* cocoa_init.m */ = {isa = PBXFileReference; explicitFileType = sourcecode.c.objc; fileEncoding = 4; name = cocoa_init.m; path = "../glfw-3.2.1/src/cocoa_init.m"; sourceTree = SOURCE_ROOT; };
		732421F07C044CB0860937E4 /* GLSL.h */ = {isa = PBXFileReference; explicitFileType = sourcecode.c.h; fileEncoding = 4; name = GLSL.h; path = src/GLSL.h; sourceTree = SOURCE_ROOT; };
		77B1399C3E1D43DCAE021318 /* context.c */ = {isa = PBXFileReference; explicitFileType = sourcecode.c.c; fileEncoding = 4; name = context.c; path = "../glfw-3.2.1/src/context.c"; sourceTree = SOURCE_ROOT; };
		79EEE3937FDA4997B45E22B0 /* Shape.h */ = {isa = PBXFileReference; explicitFileType = sourcecode.c.h; fileEncoding = 4; name = Shape.h; path = src/Shape.h; sourceTree = SOURCE_ROOT; };
		7D70A80739F04824A0E4441A /* main.cpp */ = {isa = PBXFileReference; explicitFileType = sourcecode.cpp.cpp; fileEncoding = 4; name = main.cpp; path = src/main.cpp; sourceTree = SOURCE_ROOT; };
		806387101ABD49289A4DD6E7 /* cocoa_monitor.m */ = {isa = PBXFileReference; explicitFileType = sourcecode.c.objc; fileEncoding = 4; name = cocoa_monitor.m; path = "../glfw-3.2.1/src/cocoa_monitor.m"; sourceTree = SOURCE_ROOT; };
		8079B9C3FA3F400CAF6EB975 /* tex_vert.glsl */ = {isa = PBXFileReference; explicitFileType = sourcecode; fileEncoding = 4; name = tex_vert.glsl; path = resources/tex_vert.glsl; sourceTree = SOURCE_ROOT; };
		85FD48DCA0B640D89E3D034E /* cocoa_joystick.m */ = {isa = PBXFileReference; explicitFileType = sourcecode.c.objc; fileEncoding = 4; name = cocoa_joystick.m; path = "../glfw-3.2.1/src/cocoa_joystick.m"; sourceTree = SOURCE_ROOT; };
		87B7E635374C4D9AA3A28F63 /* CMakeLists.txt */ = {isa = PBXFileReference; explicitFileType = sourcecode.text; fileEncoding = 4; lastKnownFileType = text; name = CMakeLists.txt; path = "../glfw-3.2.1/CMakeLists.txt"; sourceTree = SOURCE_ROOT; };
		8E8DDE18F2D84915BDAD3600 /* glfw3native.h */ = {isa = PBXFileReference; explicitFileType = sourcecode.c.h; fileEncoding = 4; name = glfw3native.h; path = "../glfw-3.2.1/include/GLFW/glfw3native.h"; sourceTree = SOURCE_ROOT; };
		9DF8CADDE1C347A697FAEC2C /* vulkan.c */ = {isa = PBXFileReference; explicitFileType = sourcecode.c.c; fileEncoding = 4; name = vulkan.c; path = "../glfw-3.2.1/src/vulkan.c"; sourceTree = SOURCE_ROOT; };
		B6D96D7B7D094F1994EBB9EE /* CMakeLists.txt */ = {isa = PBXFileReference; explicitFileType = sourcecode.text; fileEncoding = 4; lastKnownFileType = text; path = CMakeLists.txt; sourceTree = SOURCE_ROOT; };
		B88172A983D04E639D6098AA /* window.c */ = {isa = PBXFileReference; explicitFileType = sourcecode.c.c; fileEncoding = 4; name = window.c; path = "../glfw-3.2.1/src/window.c"; sourceTree = SOURCE_ROOT; };
		B8A9A1143C4F4E50B403E36D /* posix_tls.h */ = {isa = PBXFileReference; explicitFileType = sourcecode.c.h; fileEncoding = 4; name = posix_tls.h; path = "../glfw-3.2.1/src/posix_tls.h"; sourceTree = SOURCE_ROOT; };
		B8D2CE614A114AC285B20729 /* cocoa_joystick.h */ = {isa = PBXFileReference; explicitFileType = sourcecode.c.h; fileEncoding = 4; name = cocoa_joystick.h; path = "../glfw-3.2.1/src/cocoa_joystick.h"; sourceTree = SOURCE_ROOT; };
		BAF7E74E8B724D2698FCDC43 /* Texture.h */ = {isa = PBXFileReference; explicitFileType = sourcecode.c.h; fileEncoding = 4; name = Texture.h; path = src/Texture.h; sourceTree = SOURCE_ROOT; };
		C3FE54EBCBB24F68ACCCFC06 /* cocoa_platform.h */ = {isa = PBXFileReference; explicitFileType = sourcecode.c.h; fileEncoding = 4; name = cocoa_platform.h; path = "../glfw-3.2.1/src/cocoa_platform.h"; sourceTree = SOURCE_ROOT; };
		C4A0B251C74249CF84B7B314 /* glfw3.h */ = {isa = PBXFileReference; explicitFileType = sourcecode.c.h; fileEncoding = 4; name = glfw3.h; path = "../glfw-3.2.1/include/GLFW/glfw3.h"; sourceTree = SOURCE_ROOT; };
		D1F50AC3FCE94B80825325E1 /* Shape.cpp */ = {isa = PBXFileReference; explicitFileType = sourcecode.cpp.cpp; fileEncoding = 4; name = Shape.cpp; path = src/Shape.cpp; sourceTree = SOURCE_ROOT; };
		D852EB9C6ECF46AC89DF4390 /* stb_image.h */ = {isa = PBXFileReference; explicitFileType = sourcecode.c.h; fileEncoding = 4; name = stb_image.h; path = src/stb_image.h; sourceTree = SOURCE_ROOT; };
		D857AD75415C4BF394CCE696 /* tiny_obj_loader.h */ = {isa = PBXFileReference; explicitFileType = sourcecode.c.h; fileEncoding = 4; name = tiny_obj_loader.h; path = src/tiny_obj_loader.h; sourceTree = SOURCE_ROOT; };
		E79A2486EA594B7381111C1E /* posix_tls.c */ = {isa = PBXFileReference; explicitFileType = sourcecode.c.c; fileEncoding = 4; name = posix_tls.c; path = "../glfw-3.2.1/src/posix_tls.c"; sourceTree = SOURCE_ROOT; };
		ECA806255310430BA461F2F1 /* CMakeLists.txt */ = {isa = PBXFileReference; explicitFileType = sourcecode.text; fileEncoding = 4; lastKnownFileType = text; name = CMakeLists.txt; path = "../glfw-3.2.1/src/CMakeLists.txt"; sourceTree = SOURCE_ROOT; };
		F8D9FD1908584383BD9FDE7E /* internal.h */ = {isa = PBXFileReference; explicitFileType = sourcecode.c.h; fileEncoding = 4; name = internal.h; path = "../glfw-3.2.1/src/internal.h"; sourceTree = SOURCE_ROOT; };
		FFEA3BC056F04929B17E2E15 /* cocoa_window.m */ = {isa = PBXFileReference; explicitFileType = sourcecode.c.objc; fileEncoding = 4; name = cocoa_window.m; path = "../glfw-3.2.1/src/cocoa_window.m"; sourceTree = SOURCE_ROOT; };
/* End PBXFileReference section */

/* Begin PBXGroup section */
		03189305296A429BBAC7406F = {
			isa = PBXGroup;
			children = (
				3F936FBE89D24C01A3861716 /* Sources */,
				947CFEFA0888426DAE1132B4 /* Resources */,
				B18C7A58EE20411EBD3964C7 /* Products */,
			);
			sourceTree = "<group>";
		};
		0688F31C9B62481198C41503 /* mario */ = {
			isa = PBXGroup;
			children = (
				BF5D98B479CD48B9985B6079 /* Source Files */,
				394986873D8A4148AF16EE6F /* Header Files */,
				B6D96D7B7D094F1994EBB9EE /* CMakeLists.txt */,
				532B18FDC1374198A907C818 /* tex_frag.glsl */,
				8079B9C3FA3F400CAF6EB975 /* tex_vert.glsl */,
			);
			name = mario;
			sourceTree = "<group>";
		};
		095108BB3F7C47E9A4236F3B /* GLFW3 */ = {
			isa = PBXGroup;
			children = (
				C62F09B3762F4A7D9561BA29 /* glfw */,
			);
			name = GLFW3;
			sourceTree = "<group>";
		};
		1900A84CE8B4479292DCFB0A /* CMake Rules */ = {
			isa = PBXGroup;
			children = (
			);
			name = "CMake Rules";
			sourceTree = "<group>";
		};
		2366EC587C8C453DA8F84B7F /* ALL_BUILD */ = {
			isa = PBXGroup;
			children = (
				59FF678BB73A45A7831BF94D /* CMake Rules */,
				522F8627DCAB46E7B45427C7 /* CMakeLists.txt */,
			);
			name = ALL_BUILD;
			sourceTree = "<group>";
		};
		2E1D16078F3D43ECA5B28B06 /* ZERO_CHECK */ = {
			isa = PBXGroup;
			children = (
				E0FB9C9DC8474E659A6219E2 /* CMake Rules */,
				5D576288B5444526B96764E4 /* CMakeLists.txt */,
			);
			name = ZERO_CHECK;
			sourceTree = "<group>";
		};
		37107894E27F4846B6249900 /* Source Files */ = {
			isa = PBXGroup;
			children = (
				6F8F1ACAE8A5479992A5B9CF /* cocoa_init.m */,
				85FD48DCA0B640D89E3D034E /* cocoa_joystick.m */,
				806387101ABD49289A4DD6E7 /* cocoa_monitor.m */,
				53C8A3E82CD3492A9574D3F9 /* cocoa_time.c */,
				FFEA3BC056F04929B17E2E15 /* cocoa_window.m */,
				77B1399C3E1D43DCAE021318 /* context.c */,
				4BDC696206014F63BF63EB94 /* init.c */,
				67F8B42AF5A443858756BD06 /* input.c */,
				0A1A6998BF7C43E4BDE11FA5 /* monitor.c */,
				3670D6F657314E24BCCB5FB6 /* nsgl_context.m */,
				E79A2486EA594B7381111C1E /* posix_tls.c */,
				9DF8CADDE1C347A697FAEC2C /* vulkan.c */,
				B88172A983D04E639D6098AA /* window.c */,
			);
			name = "Source Files";
			sourceTree = "<group>";
		};
		394986873D8A4148AF16EE6F /* Header Files */ = {
			isa = PBXGroup;
			children = (
				732421F07C044CB0860937E4 /* GLSL.h */,
				611154D17B2C416E8EE3377F /* MatrixStack.h */,
				06C9E0734CDE4B8CBC17E120 /* Program.h */,
				79EEE3937FDA4997B45E22B0 /* Shape.h */,
				BAF7E74E8B724D2698FCDC43 /* Texture.h */,
				D852EB9C6ECF46AC89DF4390 /* stb_image.h */,
				D857AD75415C4BF394CCE696 /* tiny_obj_loader.h */,
			);
			name = "Header Files";
			sourceTree = "<group>";
		};
		3F936FBE89D24C01A3861716 /* Sources */ = {
			isa = PBXGroup;
			children = (
				0688F31C9B62481198C41503 /* mario */,
				2366EC587C8C453DA8F84B7F /* ALL_BUILD */,
				2E1D16078F3D43ECA5B28B06 /* ZERO_CHECK */,
				845728D705FF4E56BEEA756E /* uninstall */,
				095108BB3F7C47E9A4236F3B /* GLFW3 */,
			);
			name = Sources;
			sourceTree = "<group>";
		};
		59FF678BB73A45A7831BF94D /* CMake Rules */ = {
			isa = PBXGroup;
			children = (
			);
			name = "CMake Rules";
			sourceTree = "<group>";
		};
		845728D705FF4E56BEEA756E /* uninstall */ = {
			isa = PBXGroup;
			children = (
				1900A84CE8B4479292DCFB0A /* CMake Rules */,
				87B7E635374C4D9AA3A28F63 /* CMakeLists.txt */,
			);
			name = uninstall;
			sourceTree = "<group>";
		};
		947CFEFA0888426DAE1132B4 /* Resources */ = {
			isa = PBXGroup;
			children = (
			);
			name = Resources;
			sourceTree = "<group>";
		};
		B1814B6CBFF94BE681A2BE10 /* Header Files */ = {
			isa = PBXGroup;
			children = (
				603C6CABA6164F84A74CA106 /* glfw_config.h */,
				C4A0B251C74249CF84B7B314 /* glfw3.h */,
				8E8DDE18F2D84915BDAD3600 /* glfw3native.h */,
				B8D2CE614A114AC285B20729 /* cocoa_joystick.h */,
				C3FE54EBCBB24F68ACCCFC06 /* cocoa_platform.h */,
				F8D9FD1908584383BD9FDE7E /* internal.h */,
				44BE0935226C4AAEAA2D27D3 /* nsgl_context.h */,
				B8A9A1143C4F4E50B403E36D /* posix_tls.h */,
			);
			name = "Header Files";
			sourceTree = "<group>";
		};
		B18C7A58EE20411EBD3964C7 /* Products */ = {
			isa = PBXGroup;
			children = (
				1F7BAF5A96384D3A927D01A2 /* mario */,
				07125D11BDD343B381CBA324 /* libglfw3.a */,
			);
			name = Products;
			sourceTree = "<group>";
		};
		BF5D98B479CD48B9985B6079 /* Source Files */ = {
			isa = PBXGroup;
			children = (
				3AA078BE6ACA4775818BB53C /* GLSL.cpp */,
				5153FEB06F9B4E63A3E9264D /* MatrixStack.cpp */,
				63994AD11C934C5FAF0BA465 /* Program.cpp */,
				D1F50AC3FCE94B80825325E1 /* Shape.cpp */,
				1D1D0823309C4C5281EA0815 /* Texture.cpp */,
				7D70A80739F04824A0E4441A /* main.cpp */,
				001EB3853CDE4348BB73AC47 /* tiny_obj_loader.cpp */,
			);
			name = "Source Files";
			sourceTree = "<group>";
		};
		C62F09B3762F4A7D9561BA29 /* glfw */ = {
			isa = PBXGroup;
			children = (
				37107894E27F4846B6249900 /* Source Files */,
				B1814B6CBFF94BE681A2BE10 /* Header Files */,
				ECA806255310430BA461F2F1 /* CMakeLists.txt */,
			);
			name = glfw;
			sourceTree = "<group>";
		};
		E0FB9C9DC8474E659A6219E2 /* CMake Rules */ = {
			isa = PBXGroup;
			children = (
			);
			name = "CMake Rules";
			sourceTree = "<group>";
		};
/* End PBXGroup section */

/* Begin PBXNativeTarget section */
		295679791C29452A89C734AB /* glfw */ = {
			isa = PBXNativeTarget;
			buildConfigurationList = 6CE39C816C48487198FD4AF8 /* Build configuration list for PBXNativeTarget "glfw" */;
			buildPhases = (
				BA473607E20343E3BC10B6DC /* Sources */,
			);
			buildRules = (
			);
			dependencies = (
				1D301F47D44140CCAFEFBA92 /* PBXTargetDependency */,
			);
			name = glfw;
			productName = glfw;
			productReference = 07125D11BDD343B381CBA324 /* libglfw3.a */;
			productType = "com.apple.product-type.library.static";
		};
		F869C4FC5C0B4A119DE32DCF /* mario */ = {
			isa = PBXNativeTarget;
			buildConfigurationList = 10CB94C7A43A4CCAAEB569CF /* Build configuration list for PBXNativeTarget "mario" */;
			buildPhases = (
				3F96DE1E4B494D5A908A9403 /* Sources */,
			);
			buildRules = (
			);
			dependencies = (
				BC40C109577E44D29822D35A /* PBXTargetDependency */,
				A615393305AB47AEBFFD5868 /* PBXTargetDependency */,
			);
			name = mario;
			productName = mario;
			productReference = 1F7BAF5A96384D3A927D01A2 /* mario */;
			productType = "com.apple.product-type.tool";
		};
/* End PBXNativeTarget section */

/* Begin PBXProject section */
		8F21DB65658647B8B9528626 /* Project object */ = {
			isa = PBXProject;
			attributes = {
				BuildIndependentTargetsInParallel = YES;
				LastUpgradeCheck = 0830;
			};
			buildConfigurationList = 55750465B97F4576A5FFD7C3 /* Build configuration list for PBXProject "mario" */;
			compatibilityVersion = "Xcode 3.2";
			developmentRegion = English;
			hasScannedForEncodings = 0;
			knownRegions = (
				en,
			);
			mainGroup = 03189305296A429BBAC7406F;
			projectDirPath = ../;
			projectRoot = "";
			targets = (
				04D0ECC8E56B4BDEA38E20A5 /* ALL_BUILD */,
				8C96A839F68248149F7D9AC5 /* ZERO_CHECK */,
				96AA8A252498458F839F4A3E /* install */,
				F869C4FC5C0B4A119DE32DCF /* mario */,
				7FB5B22379BD4C0A9AE2688B /* uninstall */,
				295679791C29452A89C734AB /* glfw */,
			);
		};
/* End PBXProject section */

/* Begin PBXShellScriptBuildPhase section */
		0F0F66F1DB3148D887DA11D8 /* CMake Rules */ = {
			isa = PBXShellScriptBuildPhase;
			buildActionMask = 2147483647;
			files = (
			);
			name = "CMake Rules";
			runOnlyForDeploymentPostprocessing = 0;
			shellPath = /bin/sh;
			shellScript = "make -C /Users/Johnny/Documents/glfw-3.2.1/debug -f /Users/Johnny/Documents/glfw-3.2.1/debug/CMakeScripts/uninstall_cmakeRulesBuildPhase.make$CONFIGURATION all";
			showEnvVarsInLog = 0;
		};
		52F7EF9ADFE543B797E30274 /* CMake Rules */ = {
			isa = PBXShellScriptBuildPhase;
			buildActionMask = 2147483647;
			files = (
			);
			name = "CMake Rules";
			runOnlyForDeploymentPostprocessing = 0;
			shellPath = /bin/sh;
			shellScript = "make -C /Users/Johnny/Documents/mario/bulid -f /Users/Johnny/Documents/mario/bulid/CMakeScripts/ALL_BUILD_cmakeRulesBuildPhase.make$CONFIGURATION all";
			showEnvVarsInLog = 0;
		};
		96034D415F454FEABC69B196 /* CMake PostBuild Rules */ = {
			isa = PBXShellScriptBuildPhase;
			buildActionMask = 2147483647;
			files = (
			);
			name = "CMake PostBuild Rules";
			runOnlyForDeploymentPostprocessing = 0;
			shellPath = /bin/sh;
			shellScript = "make -C /Users/Johnny/Documents/mario/bulid -f /Users/Johnny/Documents/mario/bulid/CMakeScripts/install_postBuildPhase.make$CONFIGURATION all";
			showEnvVarsInLog = 0;
		};
		B5B982650408452DB6DFB5CA /* CMake Rules */ = {
			isa = PBXShellScriptBuildPhase;
			buildActionMask = 2147483647;
			files = (
			);
			name = "CMake Rules";
			runOnlyForDeploymentPostprocessing = 0;
			shellPath = /bin/sh;
			shellScript = "make -C /Users/Johnny/Documents/mario/bulid -f /Users/Johnny/Documents/mario/bulid/CMakeScripts/ZERO_CHECK_cmakeRulesBuildPhase.make$CONFIGURATION all";
			showEnvVarsInLog = 0;
		};
/* End PBXShellScriptBuildPhase section */

/* Begin PBXSourcesBuildPhase section */
		3F96DE1E4B494D5A908A9403 /* Sources */ = {
			isa = PBXSourcesBuildPhase;
			buildActionMask = 2147483647;
			files = (
				F57F78C2203E44C6B908AF9D /* GLSL.cpp in Sources */,
				5AE30AB703AD42C985D9B641 /* MatrixStack.cpp in Sources */,
				B5E5AFD178E743CB84B55560 /* Program.cpp in Sources */,
				70C658B101464C3898E9D1F9 /* Shape.cpp in Sources */,
				C8B0ACADB8DD4C5AAE379F82 /* Texture.cpp in Sources */,
				4669F2451A7A4291BEAFC5FA /* main.cpp in Sources */,
				6AFB11D96D664253AC520ED5 /* tiny_obj_loader.cpp in Sources */,
			);
			runOnlyForDeploymentPostprocessing = 0;
		};
		BA473607E20343E3BC10B6DC /* Sources */ = {
			isa = PBXSourcesBuildPhase;
			buildActionMask = 2147483647;
			files = (
				EDD0CB319EE44FA5978858CE /* cocoa_init.m in Sources */,
				E8668F979ACF46A2B7E45423 /* cocoa_joystick.m in Sources */,
				DCBCC015F6084E6486F4CF36 /* cocoa_monitor.m in Sources */,
				E7CB0DBD1F8F4D3A9571BD7A /* cocoa_time.c in Sources */,
				B53381EE72C446C480993764 /* cocoa_window.m in Sources */,
				E1906DBBD8A44E80A09A8382 /* context.c in Sources */,
				3480F4E6AAB44E309D021EB3 /* init.c in Sources */,
				141DBA520AA74A109EC8794C /* input.c in Sources */,
				A0B83BFBAC5347F6BFEA05AC /* monitor.c in Sources */,
				B2E9822EBA4C4A6C8F31F426 /* nsgl_context.m in Sources */,
				766FA352F4804DED942150B8 /* posix_tls.c in Sources */,
				54801369E6B44C7BB85D494B /* vulkan.c in Sources */,
				7BA056F085E1426CBC39889C /* window.c in Sources */,
			);
			runOnlyForDeploymentPostprocessing = 0;
		};
/* End PBXSourcesBuildPhase section */

/* Begin PBXTargetDependency section */
		1D301F47D44140CCAFEFBA92 /* PBXTargetDependency */ = {
			isa = PBXTargetDependency;
			target = 8C96A839F68248149F7D9AC5 /* ZERO_CHECK */;
			targetProxy = 41725E80EC024CE2AA0E65DD /* PBXContainerItemProxy */;
		};
		25A584909EDA45F7B132D3BE /* PBXTargetDependency */ = {
			isa = PBXTargetDependency;
			target = 295679791C29452A89C734AB /* glfw */;
			targetProxy = 0F7D02DB8E0742F3BCC3982E /* PBXContainerItemProxy */;
		};
		A615393305AB47AEBFFD5868 /* PBXTargetDependency */ = {
			isa = PBXTargetDependency;
			target = 295679791C29452A89C734AB /* glfw */;
			targetProxy = EBEFF4E802514D308A3773AE /* PBXContainerItemProxy */;
		};
		BA19FC42E00E485C9E11BD01 /* PBXTargetDependency */ = {
			isa = PBXTargetDependency;
			target = 8C96A839F68248149F7D9AC5 /* ZERO_CHECK */;
			targetProxy = E68CEC32DBF64F5D96525846 /* PBXContainerItemProxy */;
		};
		BC40C109577E44D29822D35A /* PBXTargetDependency */ = {
			isa = PBXTargetDependency;
			target = 8C96A839F68248149F7D9AC5 /* ZERO_CHECK */;
			targetProxy = 8962F83F79404241BE0D01C5 /* PBXContainerItemProxy */;
		};
		BF349EDA71454DB38ED21E0D /* PBXTargetDependency */ = {
			isa = PBXTargetDependency;
			target = 04D0ECC8E56B4BDEA38E20A5 /* ALL_BUILD */;
			targetProxy = B86E15466F5B4EA3A3222B10 /* PBXContainerItemProxy */;
		};
		EC4765322C434E82A47BDB2C /* PBXTargetDependency */ = {
			isa = PBXTargetDependency;
			target = F869C4FC5C0B4A119DE32DCF /* mario */;
			targetProxy = 2993EFC4E14A41C79960E2BE /* PBXContainerItemProxy */;
		};
/* End PBXTargetDependency section */

/* Begin XCBuildConfiguration section */
		2300795646A6450CA852139E /* RelWithDebInfo */ = {
			isa = XCBuildConfiguration;
			buildSettings = {
				COMBINE_HIDPI_IMAGES = YES;
				GCC_GENERATE_DEBUGGING_SYMBOLS = YES;
				GCC_INLINES_ARE_PRIVATE_EXTERN = NO;
				GCC_OPTIMIZATION_LEVEL = 0;
				GCC_PREPROCESSOR_DEFINITIONS = "'CMAKE_INTDIR=\"$(CONFIGURATION)$(EFFECTIVE_PLATFORM_NAME)\"'";
				GCC_SYMBOLS_PRIVATE_EXTERN = NO;
				HEADER_SEARCH_PATHS = (
					/Users/Johnny/Documents/glm,
					"/Users/Johnny/Documents/glfw-3.2.1/include",
					"/Users/Johnny/Documents/glew-2.0.0/include",
				);
				INSTALL_PATH = "";
				OTHER_LDFLAGS = " ";
				OTHER_REZFLAGS = "";
				PRODUCT_NAME = ALL_BUILD;
				SECTORDER_FLAGS = "";
				SYMROOT = /Users/Johnny/Documents/mario/bulid;
				USE_HEADERMAP = NO;
				WARNING_CFLAGS = (
					"-Wmost",
					"-Wno-four-char-constants",
					"-Wno-unknown-pragmas",
					"$(inherited)",
				);
			};
			name = RelWithDebInfo;
		};
		2B9D4C87B49048B2A41574F9 /* RelWithDebInfo */ = {
			isa = XCBuildConfiguration;
			buildSettings = {
				COMBINE_HIDPI_IMAGES = YES;
				EXECUTABLE_PREFIX = "";
				EXECUTABLE_SUFFIX = "";
				GCC_GENERATE_DEBUGGING_SYMBOLS = YES;
				GCC_INLINES_ARE_PRIVATE_EXTERN = NO;
				GCC_OPTIMIZATION_LEVEL = 2;
				GCC_PREPROCESSOR_DEFINITIONS = "'CMAKE_INTDIR=\"$(CONFIGURATION)$(EFFECTIVE_PLATFORM_NAME)\"'";
				GCC_SYMBOLS_PRIVATE_EXTERN = NO;
				HEADER_SEARCH_PATHS = (
					/Users/Johnny/Documents/glm,
					"/Users/Johnny/Documents/glfw-3.2.1/include",
					"/Users/Johnny/Documents/glew-2.0.0/include",
				);
				INSTALL_PATH = "";
				LIBRARY_SEARCH_PATHS = "";
				OTHER_CPLUSPLUSFLAGS = (
					"-std=c++0x",
					"-Wall",
					"-pedantic",
					"-DNDEBUG",
					"-I/Users/Johnny/Documents/glm",
					"-I/Users/Johnny/Documents/glfw-3.2.1/include",
					"-I/Users/Johnny/Documents/glew-2.0.0/include",
				);
				OTHER_LDFLAGS = (
					"-Wl,-search_paths_first",
					"-Wl,-headerpad_max_install_names",
					"/Users/Johnny/Documents/glfw-3.2.1/debug/src/RelWithDebInfo/libglfw3.a",
					"/Users/Johnny/Documents/glew-2.0.0/lib/libGLEW.a",
					"-framework",
					OpenGL,
					"-framework",
					Cocoa,
					"-framework",
					IOKit,
					"-framework",
					CoreVideo,
					"-framework",
					Cocoa,
					"-framework",
					IOKit,
					"-framework",
					CoreFoundation,
					"-framework",
					CoreVideo,
				);
				OTHER_REZFLAGS = "";
				PRODUCT_NAME = mario;
				SECTORDER_FLAGS = "";
				SYMROOT = /Users/Johnny/Documents/mario/bulid;
				USE_HEADERMAP = NO;
				WARNING_CFLAGS = (
					"-Wmost",
					"-Wno-four-char-constants",
					"-Wno-unknown-pragmas",
					"$(inherited)",
				);
			};
			name = RelWithDebInfo;
		};
		2D5ABF9C2F314F25A127FC6D /* Release */ = {
			isa = XCBuildConfiguration;
			buildSettings = {
				COMBINE_HIDPI_IMAGES = YES;
				GCC_GENERATE_DEBUGGING_SYMBOLS = YES;
				GCC_INLINES_ARE_PRIVATE_EXTERN = NO;
				GCC_OPTIMIZATION_LEVEL = 0;
				GCC_PREPROCESSOR_DEFINITIONS = "'CMAKE_INTDIR=\"$(CONFIGURATION)$(EFFECTIVE_PLATFORM_NAME)\"'";
				GCC_SYMBOLS_PRIVATE_EXTERN = NO;
				HEADER_SEARCH_PATHS = (
					/Users/Johnny/Documents/glm,
					"/Users/Johnny/Documents/glfw-3.2.1/include",
					"/Users/Johnny/Documents/glew-2.0.0/include",
				);
				INSTALL_PATH = "";
				OTHER_LDFLAGS = " ";
				OTHER_REZFLAGS = "";
				PRODUCT_NAME = ZERO_CHECK;
				SECTORDER_FLAGS = "";
				SYMROOT = /Users/Johnny/Documents/mario/bulid;
				USE_HEADERMAP = NO;
				WARNING_CFLAGS = (
					"-Wmost",
					"-Wno-four-char-constants",
					"-Wno-unknown-pragmas",
					"$(inherited)",
				);
			};
			name = Release;
		};
		32F3787C17B2485DBDEB99A5 /* Debug */ = {
			isa = XCBuildConfiguration;
			buildSettings = {
				COMBINE_HIDPI_IMAGES = YES;
				GCC_GENERATE_DEBUGGING_SYMBOLS = YES;
				GCC_INLINES_ARE_PRIVATE_EXTERN = NO;
				GCC_OPTIMIZATION_LEVEL = 0;
				GCC_PREPROCESSOR_DEFINITIONS = "'CMAKE_INTDIR=\"$(CONFIGURATION)$(EFFECTIVE_PLATFORM_NAME)\"'";
				GCC_SYMBOLS_PRIVATE_EXTERN = NO;
				HEADER_SEARCH_PATHS = /Users/Johnny/Documents/glm;
				INSTALL_PATH = "";
				OTHER_LDFLAGS = " ";
				OTHER_REZFLAGS = "";
				PRODUCT_NAME = uninstall;
				SECTORDER_FLAGS = "";
				SYMROOT = "/Users/Johnny/Documents/glfw-3.2.1/debug";
				USE_HEADERMAP = NO;
				WARNING_CFLAGS = (
					"-Wmost",
					"-Wno-four-char-constants",
					"-Wno-unknown-pragmas",
					"$(inherited)",
				);
			};
			name = Debug;
		};
		38A42AEF15C64D6C831F6469 /* RelWithDebInfo */ = {
			isa = XCBuildConfiguration;
			buildSettings = {
				COMBINE_HIDPI_IMAGES = YES;
				EXECUTABLE_PREFIX = lib;
				EXECUTABLE_SUFFIX = .a;
				GCC_GENERATE_DEBUGGING_SYMBOLS = YES;
				GCC_INLINES_ARE_PRIVATE_EXTERN = NO;
				GCC_OPTIMIZATION_LEVEL = 2;
				GCC_PREPROCESSOR_DEFINITIONS = (
					"'CMAKE_INTDIR=\"$(CONFIGURATION)$(EFFECTIVE_PLATFORM_NAME)\"'",
					_GLFW_USE_CONFIG_H,
				);
				GCC_SYMBOLS_PRIVATE_EXTERN = NO;
				HEADER_SEARCH_PATHS = (
					/Users/Johnny/Documents/glm,
					"/Users/Johnny/Documents/glfw-3.2.1/include",
					"/Users/Johnny/Documents/glfw-3.2.1/src",
					"/Users/Johnny/Documents/glfw-3.2.1/debug/src",
				);
				INSTALL_PATH = "";
				LIBRARY_STYLE = STATIC;
				OTHER_CFLAGS = (
					"-DNDEBUG",
					"-fPIC",
					"-Wall",
					"-I/Users/Johnny/Documents/glm",
					"-I/Users/Johnny/Documents/glfw-3.2.1/include",
					"-I/Users/Johnny/Documents/glfw-3.2.1/src",
					"-I/Users/Johnny/Documents/glfw-3.2.1/debug/src",
				);
				OTHER_LIBTOOLFLAGS = " ";
				OTHER_REZFLAGS = "";
				PRODUCT_NAME = glfw3;
				SECTORDER_FLAGS = "";
				SYMROOT = "/Users/Johnny/Documents/glfw-3.2.1/debug/src";
				USE_HEADERMAP = NO;
				WARNING_CFLAGS = (
					"-Wmost",
					"-Wno-four-char-constants",
					"-Wno-unknown-pragmas",
					"$(inherited)",
				);
			};
			name = RelWithDebInfo;
		};
		3D4D38AA14A24228BD0F03F5 /* MinSizeRel */ = {
			isa = XCBuildConfiguration;
			buildSettings = {
				COMBINE_HIDPI_IMAGES = YES;
				GCC_GENERATE_DEBUGGING_SYMBOLS = YES;
				GCC_INLINES_ARE_PRIVATE_EXTERN = NO;
				GCC_OPTIMIZATION_LEVEL = 0;
				GCC_PREPROCESSOR_DEFINITIONS = "'CMAKE_INTDIR=\"$(CONFIGURATION)$(EFFECTIVE_PLATFORM_NAME)\"'";
				GCC_SYMBOLS_PRIVATE_EXTERN = NO;
				HEADER_SEARCH_PATHS = (
					/Users/Johnny/Documents/glm,
					"/Users/Johnny/Documents/glfw-3.2.1/include",
					"/Users/Johnny/Documents/glew-2.0.0/include",
				);
				INSTALL_PATH = "";
				OTHER_LDFLAGS = " ";
				OTHER_REZFLAGS = "";
				PRODUCT_NAME = install;
				SECTORDER_FLAGS = "";
				SYMROOT = /Users/Johnny/Documents/mario/bulid;
				USE_HEADERMAP = NO;
				WARNING_CFLAGS = (
					"-Wmost",
					"-Wno-four-char-constants",
					"-Wno-unknown-pragmas",
					"$(inherited)",
				);
			};
			name = MinSizeRel;
		};
		3E9BD70FEFF045F695F7DF7A /* Debug */ = {
			isa = XCBuildConfiguration;
			buildSettings = {
				ONLY_ACTIVE_ARCH = YES;
				SDKROOT = /Applications/Xcode.app/Contents/Developer/Platforms/MacOSX.platform/Developer/SDKs/MacOSX10.12.sdk;
				SYMROOT = /Users/Johnny/Documents/mario/bulid/build;
			};
			name = Debug;
		};
		3F7D320A5C384C9BA13111ED /* Release */ = {
			isa = XCBuildConfiguration;
			buildSettings = {
				COMBINE_HIDPI_IMAGES = YES;
				EXECUTABLE_PREFIX = "";
				EXECUTABLE_SUFFIX = "";
				GCC_GENERATE_DEBUGGING_SYMBOLS = NO;
				GCC_INLINES_ARE_PRIVATE_EXTERN = NO;
				GCC_OPTIMIZATION_LEVEL = 3;
				GCC_PREPROCESSOR_DEFINITIONS = "'CMAKE_INTDIR=\"$(CONFIGURATION)$(EFFECTIVE_PLATFORM_NAME)\"'";
				GCC_SYMBOLS_PRIVATE_EXTERN = NO;
				HEADER_SEARCH_PATHS = (
					/Users/Johnny/Documents/glm,
					"/Users/Johnny/Documents/glfw-3.2.1/include",
					"/Users/Johnny/Documents/glew-2.0.0/include",
				);
				INSTALL_PATH = "";
				LIBRARY_SEARCH_PATHS = "";
				OTHER_CPLUSPLUSFLAGS = (
					"-std=c++0x",
					"-Wall",
					"-pedantic",
					"-DNDEBUG",
					"-I/Users/Johnny/Documents/glm",
					"-I/Users/Johnny/Documents/glfw-3.2.1/include",
					"-I/Users/Johnny/Documents/glew-2.0.0/include",
				);
				OTHER_LDFLAGS = (
					"-Wl,-search_paths_first",
					"-Wl,-headerpad_max_install_names",
					"/Users/Johnny/Documents/glfw-3.2.1/debug/src/Release/libglfw3.a",
					"/Users/Johnny/Documents/glew-2.0.0/lib/libGLEW.a",
					"-framework",
					OpenGL,
					"-framework",
					Cocoa,
					"-framework",
					IOKit,
					"-framework",
					CoreVideo,
					"-framework",
					Cocoa,
					"-framework",
					IOKit,
					"-framework",
					CoreFoundation,
					"-framework",
					CoreVideo,
				);
				OTHER_REZFLAGS = "";
				PRODUCT_NAME = mario;
				SECTORDER_FLAGS = "";
				SYMROOT = /Users/Johnny/Documents/mario/bulid;
				USE_HEADERMAP = NO;
				WARNING_CFLAGS = (
					"-Wmost",
					"-Wno-four-char-constants",
					"-Wno-unknown-pragmas",
					"$(inherited)",
				);
			};
			name = Release;
		};
		478E282EF53F4FB48A7C5B0D /* RelWithDebInfo */ = {
			isa = XCBuildConfiguration;
			buildSettings = {
				COMBINE_HIDPI_IMAGES = YES;
				GCC_GENERATE_DEBUGGING_SYMBOLS = YES;
				GCC_INLINES_ARE_PRIVATE_EXTERN = NO;
				GCC_OPTIMIZATION_LEVEL = 0;
				GCC_PREPROCESSOR_DEFINITIONS = "'CMAKE_INTDIR=\"$(CONFIGURATION)$(EFFECTIVE_PLATFORM_NAME)\"'";
				GCC_SYMBOLS_PRIVATE_EXTERN = NO;
				HEADER_SEARCH_PATHS = (
					/Users/Johnny/Documents/glm,
					"/Users/Johnny/Documents/glfw-3.2.1/include",
					"/Users/Johnny/Documents/glew-2.0.0/include",
				);
				INSTALL_PATH = "";
				OTHER_LDFLAGS = " ";
				OTHER_REZFLAGS = "";
				PRODUCT_NAME = ZERO_CHECK;
				SECTORDER_FLAGS = "";
				SYMROOT = /Users/Johnny/Documents/mario/bulid;
				USE_HEADERMAP = NO;
				WARNING_CFLAGS = (
					"-Wmost",
					"-Wno-four-char-constants",
					"-Wno-unknown-pragmas",
					"$(inherited)",
				);
			};
			name = RelWithDebInfo;
		};
		4F17562F748D4734AAD4639C /* Release */ = {
			isa = XCBuildConfiguration;
			buildSettings = {
				ONLY_ACTIVE_ARCH = YES;
				SDKROOT = /Applications/Xcode.app/Contents/Developer/Platforms/MacOSX.platform/Developer/SDKs/MacOSX10.12.sdk;
				SYMROOT = /Users/Johnny/Documents/mario/bulid/build;
			};
			name = Release;
		};
		4FDC142094AC491DAF0B9AF3 /* Debug */ = {
			isa = XCBuildConfiguration;
			buildSettings = {
				COMBINE_HIDPI_IMAGES = YES;
				GCC_GENERATE_DEBUGGING_SYMBOLS = YES;
				GCC_INLINES_ARE_PRIVATE_EXTERN = NO;
				GCC_OPTIMIZATION_LEVEL = 0;
				GCC_PREPROCESSOR_DEFINITIONS = "'CMAKE_INTDIR=\"$(CONFIGURATION)$(EFFECTIVE_PLATFORM_NAME)\"'";
				GCC_SYMBOLS_PRIVATE_EXTERN = NO;
				HEADER_SEARCH_PATHS = (
					/Users/Johnny/Documents/glm,
					"/Users/Johnny/Documents/glfw-3.2.1/include",
					"/Users/Johnny/Documents/glew-2.0.0/include",
				);
				INSTALL_PATH = "";
				OTHER_LDFLAGS = " ";
				OTHER_REZFLAGS = "";
				PRODUCT_NAME = ALL_BUILD;
				SECTORDER_FLAGS = "";
				SYMROOT = /Users/Johnny/Documents/mario/bulid;
				USE_HEADERMAP = NO;
				WARNING_CFLAGS = (
					"-Wmost",
					"-Wno-four-char-constants",
					"-Wno-unknown-pragmas",
					"$(inherited)",
				);
			};
			name = Debug;
		};
		7DD96449972D46C6BF5B3DC4 /* Debug */ = {
			isa = XCBuildConfiguration;
			buildSettings = {
				COMBINE_HIDPI_IMAGES = YES;
				GCC_GENERATE_DEBUGGING_SYMBOLS = YES;
				GCC_INLINES_ARE_PRIVATE_EXTERN = NO;
				GCC_OPTIMIZATION_LEVEL = 0;
				GCC_PREPROCESSOR_DEFINITIONS = "'CMAKE_INTDIR=\"$(CONFIGURATION)$(EFFECTIVE_PLATFORM_NAME)\"'";
				GCC_SYMBOLS_PRIVATE_EXTERN = NO;
				HEADER_SEARCH_PATHS = (
					/Users/Johnny/Documents/glm,
					"/Users/Johnny/Documents/glfw-3.2.1/include",
					"/Users/Johnny/Documents/glew-2.0.0/include",
				);
				INSTALL_PATH = "";
				OTHER_LDFLAGS = " ";
				OTHER_REZFLAGS = "";
				PRODUCT_NAME = install;
				SECTORDER_FLAGS = "";
				SYMROOT = /Users/Johnny/Documents/mario/bulid;
				USE_HEADERMAP = NO;
				WARNING_CFLAGS = (
					"-Wmost",
					"-Wno-four-char-constants",
					"-Wno-unknown-pragmas",
					"$(inherited)",
				);
			};
			name = Debug;
		};
		84BC5B009D3F4FFE99D65104 /* RelWithDebInfo */ = {
			isa = XCBuildConfiguration;
			buildSettings = {
				COMBINE_HIDPI_IMAGES = YES;
				GCC_GENERATE_DEBUGGING_SYMBOLS = YES;
				GCC_INLINES_ARE_PRIVATE_EXTERN = NO;
				GCC_OPTIMIZATION_LEVEL = 0;
				GCC_PREPROCESSOR_DEFINITIONS = "'CMAKE_INTDIR=\"$(CONFIGURATION)$(EFFECTIVE_PLATFORM_NAME)\"'";
				GCC_SYMBOLS_PRIVATE_EXTERN = NO;
				HEADER_SEARCH_PATHS = /Users/Johnny/Documents/glm;
				INSTALL_PATH = "";
				OTHER_LDFLAGS = " ";
				OTHER_REZFLAGS = "";
				PRODUCT_NAME = uninstall;
				SECTORDER_FLAGS = "";
				SYMROOT = "/Users/Johnny/Documents/glfw-3.2.1/debug";
				USE_HEADERMAP = NO;
				WARNING_CFLAGS = (
					"-Wmost",
					"-Wno-four-char-constants",
					"-Wno-unknown-pragmas",
					"$(inherited)",
				);
			};
			name = RelWithDebInfo;
		};
		89BED1FB5D58411E9C7A65B5 /* MinSizeRel */ = {
			isa = XCBuildConfiguration;
			buildSettings = {
				COMBINE_HIDPI_IMAGES = YES;
				GCC_GENERATE_DEBUGGING_SYMBOLS = YES;
				GCC_INLINES_ARE_PRIVATE_EXTERN = NO;
				GCC_OPTIMIZATION_LEVEL = 0;
				GCC_PREPROCESSOR_DEFINITIONS = "'CMAKE_INTDIR=\"$(CONFIGURATION)$(EFFECTIVE_PLATFORM_NAME)\"'";
				GCC_SYMBOLS_PRIVATE_EXTERN = NO;
				HEADER_SEARCH_PATHS = /Users/Johnny/Documents/glm;
				INSTALL_PATH = "";
				OTHER_LDFLAGS = " ";
				OTHER_REZFLAGS = "";
				PRODUCT_NAME = uninstall;
				SECTORDER_FLAGS = "";
				SYMROOT = "/Users/Johnny/Documents/glfw-3.2.1/debug";
				USE_HEADERMAP = NO;
				WARNING_CFLAGS = (
					"-Wmost",
					"-Wno-four-char-constants",
					"-Wno-unknown-pragmas",
					"$(inherited)",
				);
			};
			name = MinSizeRel;
		};
		8C2640C90ABD48F498B3B2FD /* MinSizeRel */ = {
			isa = XCBuildConfiguration;
			buildSettings = {
				COMBINE_HIDPI_IMAGES = YES;
				GCC_GENERATE_DEBUGGING_SYMBOLS = YES;
				GCC_INLINES_ARE_PRIVATE_EXTERN = NO;
				GCC_OPTIMIZATION_LEVEL = 0;
				GCC_PREPROCESSOR_DEFINITIONS = "'CMAKE_INTDIR=\"$(CONFIGURATION)$(EFFECTIVE_PLATFORM_NAME)\"'";
				GCC_SYMBOLS_PRIVATE_EXTERN = NO;
				HEADER_SEARCH_PATHS = (
					/Users/Johnny/Documents/glm,
					"/Users/Johnny/Documents/glfw-3.2.1/include",
					"/Users/Johnny/Documents/glew-2.0.0/include",
				);
				INSTALL_PATH = "";
				OTHER_LDFLAGS = " ";
				OTHER_REZFLAGS = "";
				PRODUCT_NAME = ZERO_CHECK;
				SECTORDER_FLAGS = "";
				SYMROOT = /Users/Johnny/Documents/mario/bulid;
				USE_HEADERMAP = NO;
				WARNING_CFLAGS = (
					"-Wmost",
					"-Wno-four-char-constants",
					"-Wno-unknown-pragmas",
					"$(inherited)",
				);
			};
			name = MinSizeRel;
		};
		968187BD0F784EDFB5888FFB /* Release */ = {
			isa = XCBuildConfiguration;
			buildSettings = {
				COMBINE_HIDPI_IMAGES = YES;
				GCC_GENERATE_DEBUGGING_SYMBOLS = YES;
				GCC_INLINES_ARE_PRIVATE_EXTERN = NO;
				GCC_OPTIMIZATION_LEVEL = 0;
				GCC_PREPROCESSOR_DEFINITIONS = "'CMAKE_INTDIR=\"$(CONFIGURATION)$(EFFECTIVE_PLATFORM_NAME)\"'";
				GCC_SYMBOLS_PRIVATE_EXTERN = NO;
				HEADER_SEARCH_PATHS = /Users/Johnny/Documents/glm;
				INSTALL_PATH = "";
				OTHER_LDFLAGS = " ";
				OTHER_REZFLAGS = "";
				PRODUCT_NAME = uninstall;
				SECTORDER_FLAGS = "";
				SYMROOT = "/Users/Johnny/Documents/glfw-3.2.1/debug";
				USE_HEADERMAP = NO;
				WARNING_CFLAGS = (
					"-Wmost",
					"-Wno-four-char-constants",
					"-Wno-unknown-pragmas",
					"$(inherited)",
				);
			};
			name = Release;
		};
		9E6FB5A61CB8456AB5FF3CE6 /* MinSizeRel */ = {
			isa = XCBuildConfiguration;
			buildSettings = {
				COMBINE_HIDPI_IMAGES = YES;
				GCC_GENERATE_DEBUGGING_SYMBOLS = YES;
				GCC_INLINES_ARE_PRIVATE_EXTERN = NO;
				GCC_OPTIMIZATION_LEVEL = 0;
				GCC_PREPROCESSOR_DEFINITIONS = "'CMAKE_INTDIR=\"$(CONFIGURATION)$(EFFECTIVE_PLATFORM_NAME)\"'";
				GCC_SYMBOLS_PRIVATE_EXTERN = NO;
				HEADER_SEARCH_PATHS = (
					/Users/Johnny/Documents/glm,
					"/Users/Johnny/Documents/glfw-3.2.1/include",
					"/Users/Johnny/Documents/glew-2.0.0/include",
				);
				INSTALL_PATH = "";
				OTHER_LDFLAGS = " ";
				OTHER_REZFLAGS = "";
				PRODUCT_NAME = ALL_BUILD;
				SECTORDER_FLAGS = "";
				SYMROOT = /Users/Johnny/Documents/mario/bulid;
				USE_HEADERMAP = NO;
				WARNING_CFLAGS = (
					"-Wmost",
					"-Wno-four-char-constants",
					"-Wno-unknown-pragmas",
					"$(inherited)",
				);
			};
			name = MinSizeRel;
		};
		AB0111123D414A3581239ED5 /* RelWithDebInfo */ = {
			isa = XCBuildConfiguration;
			buildSettings = {
				COMBINE_HIDPI_IMAGES = YES;
				GCC_GENERATE_DEBUGGING_SYMBOLS = YES;
				GCC_INLINES_ARE_PRIVATE_EXTERN = NO;
				GCC_OPTIMIZATION_LEVEL = 0;
				GCC_PREPROCESSOR_DEFINITIONS = "'CMAKE_INTDIR=\"$(CONFIGURATION)$(EFFECTIVE_PLATFORM_NAME)\"'";
				GCC_SYMBOLS_PRIVATE_EXTERN = NO;
				HEADER_SEARCH_PATHS = (
					/Users/Johnny/Documents/glm,
					"/Users/Johnny/Documents/glfw-3.2.1/include",
					"/Users/Johnny/Documents/glew-2.0.0/include",
				);
				INSTALL_PATH = "";
				OTHER_LDFLAGS = " ";
				OTHER_REZFLAGS = "";
				PRODUCT_NAME = install;
				SECTORDER_FLAGS = "";
				SYMROOT = /Users/Johnny/Documents/mario/bulid;
				USE_HEADERMAP = NO;
				WARNING_CFLAGS = (
					"-Wmost",
					"-Wno-four-char-constants",
					"-Wno-unknown-pragmas",
					"$(inherited)",
				);
			};
			name = RelWithDebInfo;
		};
		ACF4A8D178BD492499E7E5A6 /* Release */ = {
			isa = XCBuildConfiguration;
			buildSettings = {
				COMBINE_HIDPI_IMAGES = YES;
				EXECUTABLE_PREFIX = lib;
				EXECUTABLE_SUFFIX = .a;
				GCC_GENERATE_DEBUGGING_SYMBOLS = NO;
				GCC_INLINES_ARE_PRIVATE_EXTERN = NO;
				GCC_OPTIMIZATION_LEVEL = 3;
				GCC_PREPROCESSOR_DEFINITIONS = (
					"'CMAKE_INTDIR=\"$(CONFIGURATION)$(EFFECTIVE_PLATFORM_NAME)\"'",
					_GLFW_USE_CONFIG_H,
				);
				GCC_SYMBOLS_PRIVATE_EXTERN = NO;
				HEADER_SEARCH_PATHS = (
					/Users/Johnny/Documents/glm,
					"/Users/Johnny/Documents/glfw-3.2.1/include",
					"/Users/Johnny/Documents/glfw-3.2.1/src",
					"/Users/Johnny/Documents/glfw-3.2.1/debug/src",
				);
				INSTALL_PATH = "";
				LIBRARY_STYLE = STATIC;
				OTHER_CFLAGS = (
					"-DNDEBUG",
					"-fPIC",
					"-Wall",
					"-I/Users/Johnny/Documents/glm",
					"-I/Users/Johnny/Documents/glfw-3.2.1/include",
					"-I/Users/Johnny/Documents/glfw-3.2.1/src",
					"-I/Users/Johnny/Documents/glfw-3.2.1/debug/src",
				);
				OTHER_LIBTOOLFLAGS = " ";
				OTHER_REZFLAGS = "";
				PRODUCT_NAME = glfw3;
				SECTORDER_FLAGS = "";
				SYMROOT = "/Users/Johnny/Documents/glfw-3.2.1/debug/src";
				USE_HEADERMAP = NO;
				WARNING_CFLAGS = (
					"-Wmost",
					"-Wno-four-char-constants",
					"-Wno-unknown-pragmas",
					"$(inherited)",
				);
			};
			name = Release;
		};
		ADBAC447331C42AA85F9AF93 /* Release */ = {
			isa = XCBuildConfiguration;
			buildSettings = {
				COMBINE_HIDPI_IMAGES = YES;
				GCC_GENERATE_DEBUGGING_SYMBOLS = YES;
				GCC_INLINES_ARE_PRIVATE_EXTERN = NO;
				GCC_OPTIMIZATION_LEVEL = 0;
				GCC_PREPROCESSOR_DEFINITIONS = "'CMAKE_INTDIR=\"$(CONFIGURATION)$(EFFECTIVE_PLATFORM_NAME)\"'";
				GCC_SYMBOLS_PRIVATE_EXTERN = NO;
				HEADER_SEARCH_PATHS = (
					/Users/Johnny/Documents/glm,
					"/Users/Johnny/Documents/glfw-3.2.1/include",
					"/Users/Johnny/Documents/glew-2.0.0/include",
				);
				INSTALL_PATH = "";
				OTHER_LDFLAGS = " ";
				OTHER_REZFLAGS = "";
				PRODUCT_NAME = install;
				SECTORDER_FLAGS = "";
				SYMROOT = /Users/Johnny/Documents/mario/bulid;
				USE_HEADERMAP = NO;
				WARNING_CFLAGS = (
					"-Wmost",
					"-Wno-four-char-constants",
					"-Wno-unknown-pragmas",
					"$(inherited)",
				);
			};
			name = Release;
		};
		B4608B68BB124BC39D1F0947 /* RelWithDebInfo */ = {
			isa = XCBuildConfiguration;
			buildSettings = {
				ONLY_ACTIVE_ARCH = YES;
				SDKROOT = /Applications/Xcode.app/Contents/Developer/Platforms/MacOSX.platform/Developer/SDKs/MacOSX10.12.sdk;
				SYMROOT = /Users/Johnny/Documents/mario/bulid/build;
			};
			name = RelWithDebInfo;
		};
		B9662A8260354DA7A2EBD62F /* Debug */ = {
			isa = XCBuildConfiguration;
			buildSettings = {
				COMBINE_HIDPI_IMAGES = YES;
				EXECUTABLE_PREFIX = lib;
				EXECUTABLE_SUFFIX = .a;
				GCC_GENERATE_DEBUGGING_SYMBOLS = YES;
				GCC_INLINES_ARE_PRIVATE_EXTERN = NO;
				GCC_OPTIMIZATION_LEVEL = 0;
				GCC_PREPROCESSOR_DEFINITIONS = (
					"'CMAKE_INTDIR=\"$(CONFIGURATION)$(EFFECTIVE_PLATFORM_NAME)\"'",
					_GLFW_USE_CONFIG_H,
				);
				GCC_SYMBOLS_PRIVATE_EXTERN = NO;
				HEADER_SEARCH_PATHS = (
					/Users/Johnny/Documents/glm,
					"/Users/Johnny/Documents/glfw-3.2.1/include",
					"/Users/Johnny/Documents/glfw-3.2.1/src",
					"/Users/Johnny/Documents/glfw-3.2.1/debug/src",
				);
				INSTALL_PATH = "";
				LIBRARY_STYLE = STATIC;
				OTHER_CFLAGS = (
					"-fPIC",
					"-Wall",
					"-I/Users/Johnny/Documents/glm",
					"-I/Users/Johnny/Documents/glfw-3.2.1/include",
					"-I/Users/Johnny/Documents/glfw-3.2.1/src",
					"-I/Users/Johnny/Documents/glfw-3.2.1/debug/src",
				);
				OTHER_LIBTOOLFLAGS = " ";
				OTHER_REZFLAGS = "";
				PRODUCT_NAME = glfw3;
				SECTORDER_FLAGS = "";
				SYMROOT = "/Users/Johnny/Documents/glfw-3.2.1/debug/src";
				USE_HEADERMAP = NO;
				WARNING_CFLAGS = (
					"-Wmost",
					"-Wno-four-char-constants",
					"-Wno-unknown-pragmas",
					"$(inherited)",
				);
			};
			name = Debug;
		};
		BA39C7016DF246C7908041AC /* Debug */ = {
			isa = XCBuildConfiguration;
			buildSettings = {
				COMBINE_HIDPI_IMAGES = YES;
				EXECUTABLE_PREFIX = "";
				EXECUTABLE_SUFFIX = "";
				GCC_GENERATE_DEBUGGING_SYMBOLS = YES;
				GCC_INLINES_ARE_PRIVATE_EXTERN = NO;
				GCC_OPTIMIZATION_LEVEL = 0;
				GCC_PREPROCESSOR_DEFINITIONS = "'CMAKE_INTDIR=\"$(CONFIGURATION)$(EFFECTIVE_PLATFORM_NAME)\"'";
				GCC_SYMBOLS_PRIVATE_EXTERN = NO;
				HEADER_SEARCH_PATHS = (
					/Users/Johnny/Documents/glm,
					"/Users/Johnny/Documents/glfw-3.2.1/include",
					"/Users/Johnny/Documents/glew-2.0.0/include",
				);
				INSTALL_PATH = "";
				LIBRARY_SEARCH_PATHS = "";
				OTHER_CPLUSPLUSFLAGS = (
					"-std=c++0x",
					"-Wall",
					"-pedantic",
					"-I/Users/Johnny/Documents/glm",
					"-I/Users/Johnny/Documents/glfw-3.2.1/include",
					"-I/Users/Johnny/Documents/glew-2.0.0/include",
				);
				OTHER_LDFLAGS = (
					"-Wl,-search_paths_first",
					"-Wl,-headerpad_max_install_names",
					"/Users/Johnny/Documents/glfw-3.2.1/debug/src/Debug/libglfw3.a",
					"/Users/Johnny/Documents/glew-2.0.0/lib/libGLEW.a",
					"-framework",
					OpenGL,
					"-framework",
					Cocoa,
					"-framework",
					IOKit,
					"-framework",
					CoreVideo,
					"-framework",
					Cocoa,
					"-framework",
					IOKit,
					"-framework",
					CoreFoundation,
					"-framework",
					CoreVideo,
				);
				OTHER_REZFLAGS = "";
				PRODUCT_NAME = mario;
				SECTORDER_FLAGS = "";
				SYMROOT = /Users/Johnny/Documents/mario/bulid;
				USE_HEADERMAP = NO;
				WARNING_CFLAGS = (
					"-Wmost",
					"-Wno-four-char-constants",
					"-Wno-unknown-pragmas",
					"$(inherited)",
				);
			};
			name = Debug;
		};
		D1CB4FB614E74425B8376F2C /* Debug */ = {
			isa = XCBuildConfiguration;
			buildSettings = {
				COMBINE_HIDPI_IMAGES = YES;
				GCC_GENERATE_DEBUGGING_SYMBOLS = YES;
				GCC_INLINES_ARE_PRIVATE_EXTERN = NO;
				GCC_OPTIMIZATION_LEVEL = 0;
				GCC_PREPROCESSOR_DEFINITIONS = "'CMAKE_INTDIR=\"$(CONFIGURATION)$(EFFECTIVE_PLATFORM_NAME)\"'";
				GCC_SYMBOLS_PRIVATE_EXTERN = NO;
				HEADER_SEARCH_PATHS = (
					/Users/Johnny/Documents/glm,
					"/Users/Johnny/Documents/glfw-3.2.1/include",
					"/Users/Johnny/Documents/glew-2.0.0/include",
				);
				INSTALL_PATH = "";
				OTHER_LDFLAGS = " ";
				OTHER_REZFLAGS = "";
				PRODUCT_NAME = ZERO_CHECK;
				SECTORDER_FLAGS = "";
				SYMROOT = /Users/Johnny/Documents/mario/bulid;
				USE_HEADERMAP = NO;
				WARNING_CFLAGS = (
					"-Wmost",
					"-Wno-four-char-constants",
					"-Wno-unknown-pragmas",
					"$(inherited)",
				);
			};
			name = Debug;
		};
		E38C48CC59AE4BDD85C1D0A7 /* Release */ = {
			isa = XCBuildConfiguration;
			buildSettings = {
				COMBINE_HIDPI_IMAGES = YES;
				GCC_GENERATE_DEBUGGING_SYMBOLS = YES;
				GCC_INLINES_ARE_PRIVATE_EXTERN = NO;
				GCC_OPTIMIZATION_LEVEL = 0;
				GCC_PREPROCESSOR_DEFINITIONS = "'CMAKE_INTDIR=\"$(CONFIGURATION)$(EFFECTIVE_PLATFORM_NAME)\"'";
				GCC_SYMBOLS_PRIVATE_EXTERN = NO;
				HEADER_SEARCH_PATHS = (
					/Users/Johnny/Documents/glm,
					"/Users/Johnny/Documents/glfw-3.2.1/include",
					"/Users/Johnny/Documents/glew-2.0.0/include",
				);
				INSTALL_PATH = "";
				OTHER_LDFLAGS = " ";
				OTHER_REZFLAGS = "";
				PRODUCT_NAME = ALL_BUILD;
				SECTORDER_FLAGS = "";
				SYMROOT = /Users/Johnny/Documents/mario/bulid;
				USE_HEADERMAP = NO;
				WARNING_CFLAGS = (
					"-Wmost",
					"-Wno-four-char-constants",
					"-Wno-unknown-pragmas",
					"$(inherited)",
				);
			};
			name = Release;
		};
		E5EFE83EF0F84AAFBF991ED0 /* MinSizeRel */ = {
			isa = XCBuildConfiguration;
			buildSettings = {
				ONLY_ACTIVE_ARCH = YES;
				SDKROOT = /Applications/Xcode.app/Contents/Developer/Platforms/MacOSX.platform/Developer/SDKs/MacOSX10.12.sdk;
				SYMROOT = /Users/Johnny/Documents/mario/bulid/build;
			};
			name = MinSizeRel;
		};
		E6A55E71B50F4279905DCD0A /* MinSizeRel */ = {
			isa = XCBuildConfiguration;
			buildSettings = {
				COMBINE_HIDPI_IMAGES = YES;
				EXECUTABLE_PREFIX = "";
				EXECUTABLE_SUFFIX = "";
				GCC_GENERATE_DEBUGGING_SYMBOLS = NO;
				GCC_INLINES_ARE_PRIVATE_EXTERN = NO;
				GCC_OPTIMIZATION_LEVEL = s;
				GCC_PREPROCESSOR_DEFINITIONS = "'CMAKE_INTDIR=\"$(CONFIGURATION)$(EFFECTIVE_PLATFORM_NAME)\"'";
				GCC_SYMBOLS_PRIVATE_EXTERN = NO;
				HEADER_SEARCH_PATHS = (
					/Users/Johnny/Documents/glm,
					"/Users/Johnny/Documents/glfw-3.2.1/include",
					"/Users/Johnny/Documents/glew-2.0.0/include",
				);
				INSTALL_PATH = "";
				LIBRARY_SEARCH_PATHS = "";
				OTHER_CPLUSPLUSFLAGS = (
					"-std=c++0x",
					"-Wall",
					"-pedantic",
					"-DNDEBUG",
					"-I/Users/Johnny/Documents/glm",
					"-I/Users/Johnny/Documents/glfw-3.2.1/include",
					"-I/Users/Johnny/Documents/glew-2.0.0/include",
				);
				OTHER_LDFLAGS = (
					"-Wl,-search_paths_first",
					"-Wl,-headerpad_max_install_names",
					"/Users/Johnny/Documents/glfw-3.2.1/debug/src/MinSizeRel/libglfw3.a",
					"/Users/Johnny/Documents/glew-2.0.0/lib/libGLEW.a",
					"-framework",
					OpenGL,
					"-framework",
					Cocoa,
					"-framework",
					IOKit,
					"-framework",
					CoreVideo,
					"-framework",
					Cocoa,
					"-framework",
					IOKit,
					"-framework",
					CoreFoundation,
					"-framework",
					CoreVideo,
				);
				OTHER_REZFLAGS = "";
				PRODUCT_NAME = mario;
				SECTORDER_FLAGS = "";
				SYMROOT = /Users/Johnny/Documents/mario/bulid;
				USE_HEADERMAP = NO;
				WARNING_CFLAGS = (
					"-Wmost",
					"-Wno-four-char-constants",
					"-Wno-unknown-pragmas",
					"$(inherited)",
				);
			};
			name = MinSizeRel;
		};
		F536B49DEA424A7485436C7F /* MinSizeRel */ = {
			isa = XCBuildConfiguration;
			buildSettings = {
				COMBINE_HIDPI_IMAGES = YES;
				EXECUTABLE_PREFIX = lib;
				EXECUTABLE_SUFFIX = .a;
				GCC_GENERATE_DEBUGGING_SYMBOLS = NO;
				GCC_INLINES_ARE_PRIVATE_EXTERN = NO;
				GCC_OPTIMIZATION_LEVEL = s;
				GCC_PREPROCESSOR_DEFINITIONS = (
					"'CMAKE_INTDIR=\"$(CONFIGURATION)$(EFFECTIVE_PLATFORM_NAME)\"'",
					_GLFW_USE_CONFIG_H,
				);
				GCC_SYMBOLS_PRIVATE_EXTERN = NO;
				HEADER_SEARCH_PATHS = (
					/Users/Johnny/Documents/glm,
					"/Users/Johnny/Documents/glfw-3.2.1/include",
					"/Users/Johnny/Documents/glfw-3.2.1/src",
					"/Users/Johnny/Documents/glfw-3.2.1/debug/src",
				);
				INSTALL_PATH = "";
				LIBRARY_STYLE = STATIC;
				OTHER_CFLAGS = (
					"-DNDEBUG",
					"-fPIC",
					"-Wall",
					"-I/Users/Johnny/Documents/glm",
					"-I/Users/Johnny/Documents/glfw-3.2.1/include",
					"-I/Users/Johnny/Documents/glfw-3.2.1/src",
					"-I/Users/Johnny/Documents/glfw-3.2.1/debug/src",
				);
				OTHER_LIBTOOLFLAGS = " ";
				OTHER_REZFLAGS = "";
				PRODUCT_NAME = glfw3;
				SECTORDER_FLAGS = "";
				SYMROOT = "/Users/Johnny/Documents/glfw-3.2.1/debug/src";
				USE_HEADERMAP = NO;
				WARNING_CFLAGS = (
					"-Wmost",
					"-Wno-four-char-constants",
					"-Wno-unknown-pragmas",
					"$(inherited)",
				);
			};
			name = MinSizeRel;
		};
/* End XCBuildConfiguration section */

/* Begin XCConfigurationList section */
		10CB94C7A43A4CCAAEB569CF /* Build configuration list for PBXNativeTarget "mario" */ = {
			isa = XCConfigurationList;
			buildConfigurations = (
				BA39C7016DF246C7908041AC /* Debug */,
				3F7D320A5C384C9BA13111ED /* Release */,
				E6A55E71B50F4279905DCD0A /* MinSizeRel */,
				2B9D4C87B49048B2A41574F9 /* RelWithDebInfo */,
			);
			defaultConfigurationIsVisible = 0;
			defaultConfigurationName = Debug;
		};
		1627B3103C5B445ABA249C67 /* Build configuration list for PBXAggregateTarget "uninstall" */ = {
			isa = XCConfigurationList;
			buildConfigurations = (
				32F3787C17B2485DBDEB99A5 /* Debug */,
				968187BD0F784EDFB5888FFB /* Release */,
				89BED1FB5D58411E9C7A65B5 /* MinSizeRel */,
				84BC5B009D3F4FFE99D65104 /* RelWithDebInfo */,
			);
			defaultConfigurationIsVisible = 0;
			defaultConfigurationName = Debug;
		};
		43DCDAB1EBE04DD2A77B363A /* Build configuration list for PBXAggregateTarget "ALL_BUILD" */ = {
			isa = XCConfigurationList;
			buildConfigurations = (
				4FDC142094AC491DAF0B9AF3 /* Debug */,
				E38C48CC59AE4BDD85C1D0A7 /* Release */,
				9E6FB5A61CB8456AB5FF3CE6 /* MinSizeRel */,
				2300795646A6450CA852139E /* RelWithDebInfo */,
			);
			defaultConfigurationIsVisible = 0;
			defaultConfigurationName = Debug;
		};
		55750465B97F4576A5FFD7C3 /* Build configuration list for PBXProject "mario" */ = {
			isa = XCConfigurationList;
			buildConfigurations = (
				3E9BD70FEFF045F695F7DF7A /* Debug */,
				4F17562F748D4734AAD4639C /* Release */,
				E5EFE83EF0F84AAFBF991ED0 /* MinSizeRel */,
				B4608B68BB124BC39D1F0947 /* RelWithDebInfo */,
			);
			defaultConfigurationIsVisible = 0;
			defaultConfigurationName = Debug;
		};
		6CE39C816C48487198FD4AF8 /* Build configuration list for PBXNativeTarget "glfw" */ = {
			isa = XCConfigurationList;
			buildConfigurations = (
				B9662A8260354DA7A2EBD62F /* Debug */,
				ACF4A8D178BD492499E7E5A6 /* Release */,
				F536B49DEA424A7485436C7F /* MinSizeRel */,
				38A42AEF15C64D6C831F6469 /* RelWithDebInfo */,
			);
			defaultConfigurationIsVisible = 0;
			defaultConfigurationName = Debug;
		};
		82E3365F874A49EBAF9F17BA /* Build configuration list for PBXAggregateTarget "ZERO_CHECK" */ = {
			isa = XCConfigurationList;
			buildConfigurations = (
				D1CB4FB614E74425B8376F2C /* Debug */,
				2D5ABF9C2F314F25A127FC6D /* Release */,
				8C2640C90ABD48F498B3B2FD /* MinSizeRel */,
				478E282EF53F4FB48A7C5B0D /* RelWithDebInfo */,
			);
			defaultConfigurationIsVisible = 0;
			defaultConfigurationName = Debug;
		};
		BA926456221D403AB644B06E /* Build configuration list for PBXAggregateTarget "install" */ = {
			isa = XCConfigurationList;
			buildConfigurations = (
				7DD96449972D46C6BF5B3DC4 /* Debug */,
				ADBAC447331C42AA85F9AF93 /* Release */,
				3D4D38AA14A24228BD0F03F5 /* MinSizeRel */,
				AB0111123D414A3581239ED5 /* RelWithDebInfo */,
			);
			defaultConfigurationIsVisible = 0;
			defaultConfigurationName = Debug;
		};
/* End XCConfigurationList section */
	};
	rootObject = 8F21DB65658647B8B9528626 /* Project object */;
}
